
Microsoft Visual Studio Solution File, Format Version 12.00
# Visual Studio Version 17
VisualStudioVersion = 17.10.35027.167
MinimumVisualStudioVersion = 10.0.40219.1
Project("{9A19103F-16F7-4668-BE54-9A1E7A4F7556}") = "Week 2", "Week 2.csproj", "{E7B6B04F-AAE5-4A1A-A5B7-20E36BAF86C7}"
EndProject
Project("{9A19103F-16F7-4668-BE54-9A1E7A4F7556}") = "Helpers", "..\ClassLibrary1\Helpers.csproj", "{EBBB58F8-AEF7-4879-908B-48A869C61284}"
EndProject
Project("{9A19103F-16F7-4668-BE54-9A1E7A4F7556}") = "Primitives", "..\Primitives\Primitives.csproj", "{D04C241D-B1FE-4B16-B083-D460E32D0F1A}"
EndProject
Project("{9A19103F-16F7-4668-BE54-9A1E7A4F7556}") = "ValueVsReference", "..\ValueVsReference\ValueVsReference.csproj", "{793F352E-7527-4C6E-8ACF-B84FF7A9BC17}"
EndProject
Project("{9A19103F-16F7-4668-BE54-9A1E7A4F7556}") = "MethodExploration", "..\MethodExploration\MethodExploration.csproj", "{49A66935-995A-4350-B5BA-406DE5707F57}"
EndProject
Project("{2150E333-8FDC-42A3-9474-1A3956D46DE8}") = "Exercises", "Exercises", "{F0319D3B-3BEA-434C-BE2B-2DF939828200}"
EndProject
Project("{2150E333-8FDC-42A3-9474-1A3956D46DE8}") = "Lessons", "Lessons", "{0B9A11EF-B1E4-4CEA-A3ED-5A1DD3C4F7AB}"
EndProject
Project("{2150E333-8FDC-42A3-9474-1A3956D46DE8}") = "Pytho", "Pytho", "{9CE36E0E-E7D8-43D6-B12F-36CA609E33EE}"
EndProject
Project("{9A19103F-16F7-4668-BE54-9A1E7A4F7556}") = "TrigLib", "..\TrigLib\TrigLib.csproj", "{0A98C794-B9CB-452D-BAAB-232357588B0C}"
EndProject
Project("{9A19103F-16F7-4668-BE54-9A1E7A4F7556}") = "TrigLibTest", "..\TrigLibTest\TrigLibTest.csproj", "{A6D7976D-E551-4A1D-A44A-7FBB080A796B}"
EndProject
Project("{9A19103F-16F7-4668-BE54-9A1E7A4F7556}") = "ConsoleApp -codechamps", "..\ConsoleApp -codechamps\ConsoleApp -codechamps.csproj", "{B7ECCC17-F4DC-44BA-81EE-D994E3E5EE61}"
EndProject
Project("{FAE04EC0-301F-11D3-BF4B-00C04F79EFBC}") = "specialconsole", "..\specialconsole\specialconsole.csproj", "{142F3340-3458-4E57-8BC4-AA1799E30E7E}"
EndProject
Global
	GlobalSection(SolutionConfigurationPlatforms) = preSolution
		Debug|Any CPU = Debug|Any CPU
		Release|Any CPU = Release|Any CPU
	EndGlobalSection
	GlobalSection(ProjectConfigurationPlatforms) = postSolution
		{E7B6B04F-AAE5-4A1A-A5B7-20E36BAF86C7}.Debug|Any CPU.ActiveCfg = Debug|Any CPU
		{E7B6B04F-AAE5-4A1A-A5B7-20E36BAF86C7}.Debug|Any CPU.Build.0 = Debug|Any CPU
		{E7B6B04F-AAE5-4A1A-A5B7-20E36BAF86C7}.Release|Any CPU.ActiveCfg = Release|Any CPU
		{E7B6B04F-AAE5-4A1A-A5B7-20E36BAF86C7}.Release|Any CPU.Build.0 = Release|Any CPU
		{EBBB58F8-AEF7-4879-908B-48A869C61284}.Debug|Any CPU.ActiveCfg = Debug|Any CPU
		{EBBB58F8-AEF7-4879-908B-48A869C61284}.Debug|Any CPU.Build.0 = Debug|Any CPU
		{EBBB58F8-AEF7-4879-908B-48A869C61284}.Release|Any CPU.ActiveCfg = Release|Any CPU
		{EBBB58F8-AEF7-4879-908B-48A869C61284}.Release|Any CPU.Build.0 = Release|Any CPU
		{D04C241D-B1FE-4B16-B083-D460E32D0F1A}.Debug|Any CPU.ActiveCfg = Debug|Any CPU
		{D04C241D-B1FE-4B16-B083-D460E32D0F1A}.Debug|Any CPU.Build.0 = Debug|Any CPU
		{D04C241D-B1FE-4B16-B083-D460E32D0F1A}.Release|Any CPU.ActiveCfg = Release|Any CPU
		{D04C241D-B1FE-4B16-B083-D460E32D0F1A}.Release|Any CPU.Build.0 = Release|Any CPU
		{793F352E-7527-4C6E-8ACF-B84FF7A9BC17}.Debug|Any CPU.ActiveCfg = Debug|Any CPU
		{793F352E-7527-4C6E-8ACF-B84FF7A9BC17}.Debug|Any CPU.Build.0 = Debug|Any CPU
		{793F352E-7527-4C6E-8ACF-B84FF7A9BC17}.Release|Any CPU.ActiveCfg = Release|Any CPU
		{793F352E-7527-4C6E-8ACF-B84FF7A9BC17}.Release|Any CPU.Build.0 = Release|Any CPU
		{49A66935-995A-4350-B5BA-406DE5707F57}.Debug|Any CPU.ActiveCfg = Debug|Any CPU
		{49A66935-995A-4350-B5BA-406DE5707F57}.Debug|Any CPU.Build.0 = Debug|Any CPU
		{49A66935-995A-4350-B5BA-406DE5707F57}.Release|Any CPU.ActiveCfg = Release|Any CPU
		{49A66935-995A-4350-B5BA-406DE5707F57}.Release|Any CPU.Build.0 = Release|Any CPU
		{0A98C794-B9CB-452D-BAAB-232357588B0C}.Debug|Any CPU.ActiveCfg = Debug|Any CPU
		{0A98C794-B9CB-452D-BAAB-232357588B0C}.Debug|Any CPU.Build.0 = Debug|Any CPU
		{0A98C794-B9CB-452D-BAAB-232357588B0C}.Release|Any CPU.ActiveCfg = Release|Any CPU
		{0A98C794-B9CB-452D-BAAB-232357588B0C}.Release|Any CPU.Build.0 = Release|Any CPU
		{A6D7976D-E551-4A1D-A44A-7FBB080A796B}.Debug|Any CPU.ActiveCfg = Debug|Any CPU
		{A6D7976D-E551-4A1D-A44A-7FBB080A796B}.Debug|Any CPU.Build.0 = Debug|Any CPU
		{A6D7976D-E551-4A1D-A44A-7FBB080A796B}.Release|Any CPU.ActiveCfg = Release|Any CPU
		{A6D7976D-E551-4A1D-A44A-7FBB080A796B}.Release|Any CPU.Build.0 = Release|Any CPU
		{B7ECCC17-F4DC-44BA-81EE-D994E3E5EE61}.Debug|Any CPU.ActiveCfg = Debug|Any CPU
		{B7ECCC17-F4DC-44BA-81EE-D994E3E5EE61}.Debug|Any CPU.Build.0 = Debug|Any CPU
		{B7ECCC17-F4DC-44BA-81EE-D994E3E5EE61}.Release|Any CPU.ActiveCfg = Release|Any CPU
		{B7ECCC17-F4DC-44BA-81EE-D994E3E5EE61}.Release|Any CPU.Build.0 = Release|Any CPU
		{142F3340-3458-4E57-8BC4-AA1799E30E7E}.Debug|Any CPU.ActiveCfg = Debug|Any CPU
		{142F3340-3458-4E57-8BC4-AA1799E30E7E}.Debug|Any CPU.Build.0 = Debug|Any CPU
		{142F3340-3458-4E57-8BC4-AA1799E30E7E}.Release|Any CPU.ActiveCfg = Release|Any CPU
		{142F3340-3458-4E57-8BC4-AA1799E30E7E}.Release|Any CPU.Build.0 = Release|Any CPU
	EndGlobalSection
	GlobalSection(SolutionProperties) = preSolution
		HideSolutionNode = FALSE
	EndGlobalSection
	GlobalSection(NestedProjects) = preSolution
		{E7B6B04F-AAE5-4A1A-A5B7-20E36BAF86C7} = {F0319D3B-3BEA-434C-BE2B-2DF939828200}
		{EBBB58F8-AEF7-4879-908B-48A869C61284} = {F0319D3B-3BEA-434C-BE2B-2DF939828200}
		{D04C241D-B1FE-4B16-B083-D460E32D0F1A} = {0B9A11EF-B1E4-4CEA-A3ED-5A1DD3C4F7AB}
		{793F352E-7527-4C6E-8ACF-B84FF7A9BC17} = {0B9A11EF-B1E4-4CEA-A3ED-5A1DD3C4F7AB}
		{49A66935-995A-4350-B5BA-406DE5707F57} = {0B9A11EF-B1E4-4CEA-A3ED-5A1DD3C4F7AB}
		{0A98C794-B9CB-452D-BAAB-232357588B0C} = {9CE36E0E-E7D8-43D6-B12F-36CA609E33EE}
		{A6D7976D-E551-4A1D-A44A-7FBB080A796B} = {9CE36E0E-E7D8-43D6-B12F-36CA609E33EE}
		{142F3340-3458-4E57-8BC4-AA1799E30E7E} = {F0319D3B-3BEA-434C-BE2B-2DF939828200}
	EndGlobalSection
	GlobalSection(ExtensibilityGlobals) = postSolution
		SolutionGuid = {85D6B369-9DB6-4950-9A97-1BAE74E6C3F7}
	EndGlobalSection
EndGlobal
